{
  "lockfileVersion": 1,
  "workspaces": {
    "": {
      "name": "supascan",
      "dependencies": {
        "@commander-js/extra-typings": "^14.0.0",
        "@supabase/supabase-js": "^2.74.0",
        "commander": "^14.0.1",
        "consola": "^3.4.2",
        "picocolors": "^1.1.1",
      },
      "devDependencies": {
        "@kitajs/ts-html-plugin": "^4.1.3",
        "@types/bun": "latest",
        "knip": "^5.64.2",
        "prettier": "^3.4.2",
      },
      "peerDependencies": {
        "typescript": "^5",
      },
    },
  },
  "packages": {
    "@commander-js/extra-typings": [
      "@commander-js/extra-typings@14.0.0",
      "",
      { "peerDependencies": { "commander": "~14.0.0" } },
      "sha512-hIn0ncNaJRLkZrxBIp5AsW/eXEHNKYQBh0aPdoUqNgD+Io3NIykQqpKFyKcuasZhicGaEZJX/JBSIkZ4e5x8Dg==",
    ],

    "@emnapi/core": [
      "@emnapi/core@1.5.0",
      "",
      {
        "dependencies": { "@emnapi/wasi-threads": "1.1.0", "tslib": "^2.4.0" },
      },
      "sha512-sbP8GzB1WDzacS8fgNPpHlp6C9VZe+SJP3F90W9rLemaQj2PzIuTEl1qDOYQf58YIpyjViI24y9aPWCjEzY2cg==",
    ],

    "@emnapi/runtime": [
      "@emnapi/runtime@1.5.0",
      "",
      { "dependencies": { "tslib": "^2.4.0" } },
      "sha512-97/BJ3iXHww3djw6hYIfErCZFee7qCtrneuLa20UXFCOTCfBM2cvQHjWJ2EG0s0MtdNwInarqCTz35i4wWXHsQ==",
    ],

    "@emnapi/wasi-threads": [
      "@emnapi/wasi-threads@1.1.0",
      "",
      { "dependencies": { "tslib": "^2.4.0" } },
      "sha512-WI0DdZ8xFSbgMjR1sFsKABJ/C5OnRrjT06JXbZKexJGrDuPTzZdDYfFlsgcCXCyf+suG5QU2e/y1Wo2V/OapLQ==",
    ],

    "@kitajs/html": [
      "@kitajs/html@4.2.10",
      "",
      { "dependencies": { "csstype": "^3.1.3" } },
      "sha512-q9n2Ig7GlAYOdL+CeWxsIIZFIKna+eCJah15eK8PBIFHW3UcWayAMs8QYGJNYgP3uMucDimIAUBH26xnE7GILw==",
    ],

    "@kitajs/ts-html-plugin": [
      "@kitajs/ts-html-plugin@4.1.3",
      "",
      {
        "dependencies": {
          "chalk": "^5.6.2",
          "tslib": "^2.8.1",
          "yargs": "^18.0.0",
        },
        "peerDependencies": {
          "@kitajs/html": "^4.2.10",
          "typescript": "^5.6.2",
        },
        "bin": { "ts-html-plugin": "dist/cli.js", "xss-scan": "dist/cli.js" },
      },
      "sha512-NlYrID5yMxfRKiO1eiiSC4MWveKe0ffoCJOZm4idNOqwimmLXr0g1NmvCcquOU2XLRrgzynxZqw6rhwR5CY5Nw==",
    ],

    "@napi-rs/wasm-runtime": [
      "@napi-rs/wasm-runtime@1.0.6",
      "",
      {
        "dependencies": {
          "@emnapi/core": "^1.5.0",
          "@emnapi/runtime": "^1.5.0",
          "@tybys/wasm-util": "^0.10.1",
        },
      },
      "sha512-DXj75ewm11LIWUk198QSKUTxjyRjsBwk09MuMk5DGK+GDUtyPhhEHOGP/Xwwj3DjQXXkivoBirmOnKrLfc0+9g==",
    ],

    "@nodelib/fs.scandir": [
      "@nodelib/fs.scandir@2.1.5",
      "",
      {
        "dependencies": {
          "@nodelib/fs.stat": "2.0.5",
          "run-parallel": "^1.1.9",
        },
      },
      "sha512-vq24Bq3ym5HEQm2NKCr3yXDwjc7vTsEThRDnkp2DK9p1uqLR+DHurm/NOTo0KG7HYHU7eppKZj3MyqYuMBf62g==",
    ],

    "@nodelib/fs.stat": [
      "@nodelib/fs.stat@2.0.5",
      "",
      {},
      "sha512-RkhPPp2zrqDAQA/2jNhnztcPAlv64XdhIp7a7454A5ovI7Bukxgt7MX7udwAu3zg1DcpPU0rz3VV1SeaqvY4+A==",
    ],

    "@nodelib/fs.walk": [
      "@nodelib/fs.walk@1.2.8",
      "",
      { "dependencies": { "@nodelib/fs.scandir": "2.1.5", "fastq": "^1.6.0" } },
      "sha512-oGB+UxlgWcgQkgwo8GcEGwemoTFt3FIO9ababBmaGwXIoBKZ+GTy0pP185beGg7Llih/NSHSV2XAs1lnznocSg==",
    ],

    "@oxc-resolver/binding-android-arm-eabi": [
      "@oxc-resolver/binding-android-arm-eabi@11.9.0",
      "",
      { "os": "android", "cpu": "arm" },
      "sha512-4AxaG6TkSBQ2FiC5oGZEJQ35DjsSfAbW6/AJauebq4EzIPVOIgDJCF4de+PvX/Xi9BkNw6VtJuMXJdWW97iEAA==",
    ],

    "@oxc-resolver/binding-android-arm64": [
      "@oxc-resolver/binding-android-arm64@11.9.0",
      "",
      { "os": "android", "cpu": "arm64" },
      "sha512-oOEg7rUd2M6YlmRkvPcszJ6KO6TaLGN21oDdcs27gbTVYbQQtCWYbZz5jRW5zEBJu6dopoWVx+shJNGtG1qDFw==",
    ],

    "@oxc-resolver/binding-darwin-arm64": [
      "@oxc-resolver/binding-darwin-arm64@11.9.0",
      "",
      { "os": "darwin", "cpu": "arm64" },
      "sha512-fM6zE/j6o3C1UIkcZPV7C1f186R7w97guY2N4lyNLlhlgwwhd46acnOezLARvRNU5oyKNev4PvOJhGCCDnFMGg==",
    ],

    "@oxc-resolver/binding-darwin-x64": [
      "@oxc-resolver/binding-darwin-x64@11.9.0",
      "",
      { "os": "darwin", "cpu": "x64" },
      "sha512-Bg3Orw7gAxbUqQlt64YPWvHDVo3bo2JfI26Qmzv6nKo7mIMTDhQKl7YmywtLNMYbX0IgUM4qu1V90euu+WCDOw==",
    ],

    "@oxc-resolver/binding-freebsd-x64": [
      "@oxc-resolver/binding-freebsd-x64@11.9.0",
      "",
      { "os": "freebsd", "cpu": "x64" },
      "sha512-eBqVZqTETH6miBfIZXvpzUe98WATz2+Sh+LEFwuRpGsTsKkIpTyb4p1kwylCLkxrd3Yx7wkxQku+L0AMEGBiAA==",
    ],

    "@oxc-resolver/binding-linux-arm-gnueabihf": [
      "@oxc-resolver/binding-linux-arm-gnueabihf@11.9.0",
      "",
      { "os": "linux", "cpu": "arm" },
      "sha512-QgCk/IJnGBvpbc8rYTVgO+A3m3edJjH1zfv8Nvx7fmsxpbXwWH2l4b4tY3/SLMzasxsp7x7k87+HWt095bI5Lg==",
    ],

    "@oxc-resolver/binding-linux-arm-musleabihf": [
      "@oxc-resolver/binding-linux-arm-musleabihf@11.9.0",
      "",
      { "os": "linux", "cpu": "arm" },
      "sha512-xkJH0jldIXD2GwoHpCDEF0ucJ7fvRETCL+iFLctM679o7qeDXvtzsO/E401EgFFXcWBJNKXWvH+ZfdYMKyowfA==",
    ],

    "@oxc-resolver/binding-linux-arm64-gnu": [
      "@oxc-resolver/binding-linux-arm64-gnu@11.9.0",
      "",
      { "os": "linux", "cpu": "arm64" },
      "sha512-TWq+y2psMzbMtZB9USAq2bSA7NV1TMmh9lhAFbMGQ8Yp2YV4BRC/HilD6qF++efQl6shueGBFOv0LVe9BUXaIA==",
    ],

    "@oxc-resolver/binding-linux-arm64-musl": [
      "@oxc-resolver/binding-linux-arm64-musl@11.9.0",
      "",
      { "os": "linux", "cpu": "arm64" },
      "sha512-8WwGLfXk7yttc6rD6g53+RnYfX5B8xOot1ffthLn8oCXzVRO4cdChlmeHStxwLD/MWx8z8BGeyfyINNrsh9N2w==",
    ],

    "@oxc-resolver/binding-linux-ppc64-gnu": [
      "@oxc-resolver/binding-linux-ppc64-gnu@11.9.0",
      "",
      { "os": "linux", "cpu": "ppc64" },
      "sha512-ZWiAXfan6actlSzayaFS/kYO2zD6k1k0fmLb1opbujXYMKepEnjjVOvKdzCIYR/zKzudqI39dGc+ywqVdsPIpQ==",
    ],

    "@oxc-resolver/binding-linux-riscv64-gnu": [
      "@oxc-resolver/binding-linux-riscv64-gnu@11.9.0",
      "",
      { "os": "linux", "cpu": "none" },
      "sha512-p9mCSb+Bym+eycNo9k+81wQ5SAE31E+/rtfbDmF4/7krPotkEjPsEBSc3rqunRwO+FtsUn7H68JLY7hlai49eQ==",
    ],

    "@oxc-resolver/binding-linux-riscv64-musl": [
      "@oxc-resolver/binding-linux-riscv64-musl@11.9.0",
      "",
      { "os": "linux", "cpu": "none" },
      "sha512-/SePuVxgFhLPciRwsJ8kLVltr+rxh0b6riGFuoPnFXBbHFclKnjNIt3TfqzUj0/vOnslXw3cVGPpmtkm2TgCgg==",
    ],

    "@oxc-resolver/binding-linux-s390x-gnu": [
      "@oxc-resolver/binding-linux-s390x-gnu@11.9.0",
      "",
      { "os": "linux", "cpu": "s390x" },
      "sha512-zLuEjlYIzfnr1Ei2UZYQBbCTa/9deh+BEjO9rh1ai8BfEq4uj6RupTtNpgHfgAsEYdqOBVExw9EU1S6SW3RCAw==",
    ],

    "@oxc-resolver/binding-linux-x64-gnu": [
      "@oxc-resolver/binding-linux-x64-gnu@11.9.0",
      "",
      { "os": "linux", "cpu": "x64" },
      "sha512-cxdg73WG+aVlPu/k4lEQPRVOhWunYOUglW6OSzclZLJJAXZU0tSZ5ymKaqPRkfTsyNSAafj1cA1XYd+P9UxBgw==",
    ],

    "@oxc-resolver/binding-linux-x64-musl": [
      "@oxc-resolver/binding-linux-x64-musl@11.9.0",
      "",
      { "os": "linux", "cpu": "x64" },
      "sha512-sy5nkVdMvNgqcx9sIY7G6U9TYZUZC4cmMGw/wKhJNuuD2/HFGtbje62ttXSwBAbVbmJ2GgZ4ZUo/S1OMyU+/OA==",
    ],

    "@oxc-resolver/binding-wasm32-wasi": [
      "@oxc-resolver/binding-wasm32-wasi@11.9.0",
      "",
      { "dependencies": { "@napi-rs/wasm-runtime": "^1.0.5" }, "cpu": "none" },
      "sha512-dfi/a0Xh6o6nOLbJdaYuy7txncEcwkRHp9DGGZaAP7zxDiepkBZ6ewSJODQrWwhjVmMteXo+XFzEOMjsC7WUtQ==",
    ],

    "@oxc-resolver/binding-win32-arm64-msvc": [
      "@oxc-resolver/binding-win32-arm64-msvc@11.9.0",
      "",
      { "os": "win32", "cpu": "arm64" },
      "sha512-b1yKr+eFwyi8pZMjAQwW352rXpaHAmz7FLK03vFIxdyWzWiiL6S3UrfMu+nKQud38963zu4wNNLm7rdXQazgRA==",
    ],

    "@oxc-resolver/binding-win32-ia32-msvc": [
      "@oxc-resolver/binding-win32-ia32-msvc@11.9.0",
      "",
      { "os": "win32", "cpu": "ia32" },
      "sha512-DxRT+1HjCpRH8qYCmGHzgsRCYiK+X14PUM9Fb+aD4TljplA7MdDQXqMISTb4zBZ70AuclvlXKTbW+K1GZop3xA==",
    ],

    "@oxc-resolver/binding-win32-x64-msvc": [
      "@oxc-resolver/binding-win32-x64-msvc@11.9.0",
      "",
      { "os": "win32", "cpu": "x64" },
      "sha512-gE3QJvhh0Yj9cSAkkHjRLKPmC7BTJeiaB5YyhVKVUwbnWQgTszV92lZ9pvZtNPEghP7jPbhEs4c6983A0ojQwA==",
    ],

    "@supabase/auth-js": [
      "@supabase/auth-js@2.74.0",
      "",
      { "dependencies": { "@supabase/node-fetch": "2.6.15" } },
      "sha512-EJYDxYhBCOS40VJvfQ5zSjo8Ku7JbTICLTcmXt4xHMQZt4IumpRfHg11exXI9uZ6G7fhsQlNgbzDhFN4Ni9NnA==",
    ],

    "@supabase/functions-js": [
      "@supabase/functions-js@2.74.0",
      "",
      { "dependencies": { "@supabase/node-fetch": "2.6.15" } },
      "sha512-VqWYa981t7xtIFVf7LRb9meklHckbH/tqwaML5P3LgvlaZHpoSPjMCNLcquuLYiJLxnh2rio7IxLh+VlvRvSWw==",
    ],

    "@supabase/node-fetch": [
      "@supabase/node-fetch@2.6.15",
      "",
      { "dependencies": { "whatwg-url": "^5.0.0" } },
      "sha512-1ibVeYUacxWYi9i0cf5efil6adJ9WRyZBLivgjs+AUpewx1F3xPi7gLgaASI2SmIQxPoCEjAsLAzKPgMJVgOUQ==",
    ],

    "@supabase/postgrest-js": [
      "@supabase/postgrest-js@2.74.0",
      "",
      { "dependencies": { "@supabase/node-fetch": "2.6.15" } },
      "sha512-9Ypa2eS0Ib/YQClE+BhDSjx7OKjYEF6LAGjTB8X4HucdboGEwR0LZKctNfw6V0PPIAVjjzZxIlNBXGv0ypIkHw==",
    ],

    "@supabase/realtime-js": [
      "@supabase/realtime-js@2.74.0",
      "",
      {
        "dependencies": {
          "@supabase/node-fetch": "2.6.15",
          "@types/phoenix": "^1.6.6",
          "@types/ws": "^8.18.1",
          "ws": "^8.18.2",
        },
      },
      "sha512-K5VqpA4/7RO1u1nyD5ICFKzWKu58bIDcPxHY0aFA7MyWkFd0pzi/XYXeoSsAifnD9p72gPIpgxVXCQZKJg1ktQ==",
    ],

    "@supabase/storage-js": [
      "@supabase/storage-js@2.74.0",
      "",
      { "dependencies": { "@supabase/node-fetch": "2.6.15" } },
      "sha512-o0cTQdMqHh4ERDLtjUp1/KGPbQoNwKRxUh6f8+KQyjC5DSmiw/r+jgFe/WHh067aW+WU8nA9Ytw9ag7OhzxEkQ==",
    ],

    "@supabase/supabase-js": [
      "@supabase/supabase-js@2.74.0",
      "",
      {
        "dependencies": {
          "@supabase/auth-js": "2.74.0",
          "@supabase/functions-js": "2.74.0",
          "@supabase/node-fetch": "2.6.15",
          "@supabase/postgrest-js": "2.74.0",
          "@supabase/realtime-js": "2.74.0",
          "@supabase/storage-js": "2.74.0",
        },
      },
      "sha512-IEMM/V6gKdP+N/X31KDIczVzghDpiPWFGLNjS8Rus71KvV6y6ueLrrE/JGCHDrU+9pq5copF3iCa0YQh+9Lq9Q==",
    ],

    "@tybys/wasm-util": [
      "@tybys/wasm-util@0.10.1",
      "",
      { "dependencies": { "tslib": "^2.4.0" } },
      "sha512-9tTaPJLSiejZKx+Bmog4uSubteqTvFrVrURwkmHixBo0G4seD0zUxp98E1DzUBJxLQ3NPwXrGKDiVjwx/DpPsg==",
    ],

    "@types/bun": [
      "@types/bun@1.2.23",
      "",
      { "dependencies": { "bun-types": "1.2.23" } },
      "sha512-le8ueOY5b6VKYf19xT3McVbXqLqmxzPXHsQT/q9JHgikJ2X22wyTW3g3ohz2ZMnp7dod6aduIiq8A14Xyimm0A==",
    ],

    "@types/node": [
      "@types/node@24.7.0",
      "",
      { "dependencies": { "undici-types": "~7.14.0" } },
      "sha512-IbKooQVqUBrlzWTi79E8Fw78l8k1RNtlDDNWsFZs7XonuQSJ8oNYfEeclhprUldXISRMLzBpILuKgPlIxm+/Yw==",
    ],

    "@types/phoenix": [
      "@types/phoenix@1.6.6",
      "",
      {},
      "sha512-PIzZZlEppgrpoT2QgbnDU+MMzuR6BbCjllj0bM70lWoejMeNJAxCchxnv7J3XFkI8MpygtRpzXrIlmWUBclP5A==",
    ],

    "@types/react": [
      "@types/react@19.2.2",
      "",
      { "dependencies": { "csstype": "^3.0.2" } },
      "sha512-6mDvHUFSjyT2B2yeNx2nUgMxh9LtOWvkhIU3uePn2I2oyNymUAX1NIsdgviM4CH+JSrp2D2hsMvJOkxY+0wNRA==",
    ],

    "@types/ws": [
      "@types/ws@8.18.1",
      "",
      { "dependencies": { "@types/node": "*" } },
      "sha512-ThVF6DCVhA8kUGy+aazFQ4kXQ7E1Ty7A3ypFOe0IcJV8O/M511G99AW24irKrW56Wt44yG9+ij8FaqoBGkuBXg==",
    ],

    "ansi-regex": [
      "ansi-regex@6.2.2",
      "",
      {},
      "sha512-Bq3SmSpyFHaWjPk8If9yc6svM8c56dB5BAtW4Qbw5jHTwwXXcTLoRMkpDJp6VL0XzlWaCHTXrkFURMYmD0sLqg==",
    ],

    "ansi-styles": [
      "ansi-styles@6.2.3",
      "",
      {},
      "sha512-4Dj6M28JB+oAH8kFkTLUo+a2jwOFkuqb3yucU0CANcRRUbxS0cP0nZYCGjcc3BNXwRIsUVmDGgzawme7zvJHvg==",
    ],

    "argparse": [
      "argparse@2.0.1",
      "",
      {},
      "sha512-8+9WqebbFzpX9OR+Wa6O29asIogeRMzcGtAINdpMHHyAg10f05aSFVBbcEqGf/PXw1EjAZ+q2/bEBg3DvurK3Q==",
    ],

    "braces": [
      "braces@3.0.3",
      "",
      { "dependencies": { "fill-range": "^7.1.1" } },
      "sha512-yQbXgO/OSZVD2IsiLlro+7Hf6Q18EJrKSEsdoMzKePKXct3gvD8oLcOQdIzGupr5Fj+EDe8gO/lxc1BzfMpxvA==",
    ],

    "bun-types": [
      "bun-types@1.2.23",
      "",
      {
        "dependencies": { "@types/node": "*" },
        "peerDependencies": { "@types/react": "^19" },
      },
      "sha512-R9f0hKAZXgFU3mlrA0YpE/fiDvwV0FT9rORApt2aQVWSuJDzZOyB5QLc0N/4HF57CS8IXJ6+L5E4W1bW6NS2Aw==",
    ],

    "chalk": [
      "chalk@5.6.2",
      "",
      {},
      "sha512-7NzBL0rN6fMUW+f7A6Io4h40qQlG+xGmtMxfbnH/K7TAtt8JQWVQK+6g0UXKMeVJoyV5EkkNsErQ8pVD3bLHbA==",
    ],

    "cliui": [
      "cliui@9.0.1",
      "",
      {
        "dependencies": {
          "string-width": "^7.2.0",
          "strip-ansi": "^7.1.0",
          "wrap-ansi": "^9.0.0",
        },
      },
      "sha512-k7ndgKhwoQveBL+/1tqGJYNz097I7WOvwbmmU2AR5+magtbjPWQTS1C5vzGkBC8Ym8UWRzfKUzUUqFLypY4Q+w==",
    ],

    "commander": [
      "commander@14.0.1",
      "",
      {},
      "sha512-2JkV3gUZUVrbNA+1sjBOYLsMZ5cEEl8GTFP2a4AVz5hvasAMCQ1D2l2le/cX+pV4N6ZU17zjUahLpIXRrnWL8A==",
    ],

    "consola": [
      "consola@3.4.2",
      "",
      {},
      "sha512-5IKcdX0nnYavi6G7TtOhwkYzyjfJlatbjMjuLSfE2kYT5pMDOilZ4OvMhi637CcDICTmz3wARPoyhqyX1Y+XvA==",
    ],

    "csstype": [
      "csstype@3.1.3",
      "",
      {},
      "sha512-M1uQkMl8rQK/szD0LNhtqxIPLpimGm8sOBwU7lLnCpSbTyY3yeU1Vc7l4KT5zT4s/yOxHH5O7tIuuLOCnLADRw==",
    ],

    "emoji-regex": [
      "emoji-regex@10.5.0",
      "",
      {},
      "sha512-lb49vf1Xzfx080OKA0o6l8DQQpV+6Vg95zyCJX9VB/BqKYlhG7N4wgROUUHRA+ZPUefLnteQOad7z1kT2bV7bg==",
    ],

    "escalade": [
      "escalade@3.2.0",
      "",
      {},
      "sha512-WUj2qlxaQtO4g6Pq5c29GTcWGDyd8itL8zTlipgECz3JesAiiOKotd8JU6otB3PACgG6xkJUyVhboMS+bje/jA==",
    ],

    "fast-glob": [
      "fast-glob@3.3.3",
      "",
      {
        "dependencies": {
          "@nodelib/fs.stat": "^2.0.2",
          "@nodelib/fs.walk": "^1.2.3",
          "glob-parent": "^5.1.2",
          "merge2": "^1.3.0",
          "micromatch": "^4.0.8",
        },
      },
      "sha512-7MptL8U0cqcFdzIzwOTHoilX9x5BrNqye7Z/LuC7kCMRio1EMSyqRK3BEAUD7sXRq4iT4AzTVuZdhgQ2TCvYLg==",
    ],

    "fastq": [
      "fastq@1.19.1",
      "",
      { "dependencies": { "reusify": "^1.0.4" } },
      "sha512-GwLTyxkCXjXbxqIhTsMI2Nui8huMPtnxg7krajPJAjnEG/iiOS7i+zCtWGZR9G0NBKbXKh6X9m9UIsYX/N6vvQ==",
    ],

    "fd-package-json": [
      "fd-package-json@2.0.0",
      "",
      { "dependencies": { "walk-up-path": "^4.0.0" } },
      "sha512-jKmm9YtsNXN789RS/0mSzOC1NUq9mkVd65vbSSVsKdjGvYXBuE4oWe2QOEoFeRmJg+lPuZxpmrfFclNhoRMneQ==",
    ],

    "fill-range": [
      "fill-range@7.1.1",
      "",
      { "dependencies": { "to-regex-range": "^5.0.1" } },
      "sha512-YsGpe3WHLK8ZYi4tWDg2Jy3ebRz2rXowDxnld4bkQB00cc/1Zw9AWnC0i9ztDJitivtQvaI9KaLyKrc+hBW0yg==",
    ],

    "formatly": [
      "formatly@0.3.0",
      "",
      {
        "dependencies": { "fd-package-json": "^2.0.0" },
        "bin": { "formatly": "bin/index.mjs" },
      },
      "sha512-9XNj/o4wrRFyhSMJOvsuyMwy8aUfBaZ1VrqHVfohyXf0Sw0e+yfKG+xZaY3arGCOMdwFsqObtzVOc1gU9KiT9w==",
    ],

    "get-caller-file": [
      "get-caller-file@2.0.5",
      "",
      {},
      "sha512-DyFP3BM/3YHTQOCUL/w0OZHR0lpKeGrxotcHWcqNEdnltqFwXVfhEBQ94eIo34AfQpo0rGki4cyIiftY06h2Fg==",
    ],

    "get-east-asian-width": [
      "get-east-asian-width@1.4.0",
      "",
      {},
      "sha512-QZjmEOC+IT1uk6Rx0sX22V6uHWVwbdbxf1faPqJ1QhLdGgsRGCZoyaQBm/piRdJy/D2um6hM1UP7ZEeQ4EkP+Q==",
    ],

    "glob-parent": [
      "glob-parent@5.1.2",
      "",
      { "dependencies": { "is-glob": "^4.0.1" } },
      "sha512-AOIgSQCepiJYwP3ARnGx+5VnTu2HBYdzbGP45eLw1vr3zB3vZLeyed1sC9hnbcOc9/SrMyM5RPQrkGz4aS9Zow==",
    ],

    "is-extglob": [
      "is-extglob@2.1.1",
      "",
      {},
      "sha512-SbKbANkN603Vi4jEZv49LeVJMn4yGwsbzZworEoyEiutsN3nJYdbO36zfhGJ6QEDpOZIFkDtnq5JRxmvl3jsoQ==",
    ],

    "is-glob": [
      "is-glob@4.0.3",
      "",
      { "dependencies": { "is-extglob": "^2.1.1" } },
      "sha512-xelSayHH36ZgE7ZWhli7pW34hNbNl8Ojv5KVmkJD4hBdD3th8Tfk9vYasLM+mXWOZhFkgZfxhLSnrwRr4elSSg==",
    ],

    "is-number": [
      "is-number@7.0.0",
      "",
      {},
      "sha512-41Cifkg6e8TylSpdtTpeLVMqvSBEVzTttHvERD741+pnZ8ANv0004MRL43QKPDlK9cGvNp6NZWZUBlbGXYxxng==",
    ],

    "jiti": [
      "jiti@2.6.1",
      "",
      { "bin": { "jiti": "lib/jiti-cli.mjs" } },
      "sha512-ekilCSN1jwRvIbgeg/57YFh8qQDNbwDb9xT/qu2DAHbFFZUicIl4ygVaAvzveMhMVr3LnpSKTNnwt8PoOfmKhQ==",
    ],

    "js-yaml": [
      "js-yaml@4.1.0",
      "",
      {
        "dependencies": { "argparse": "^2.0.1" },
        "bin": { "js-yaml": "bin/js-yaml.js" },
      },
      "sha512-wpxZs9NoxZaJESJGIZTyDEaYpl0FKSA+FB9aJiyemKhMwkxQg63h4T1KJgUGHpTqPDNRcmmYLugrRjJlBtWvRA==",
    ],

    "knip": [
      "knip@5.64.2",
      "",
      {
        "dependencies": {
          "@nodelib/fs.walk": "^1.2.3",
          "fast-glob": "^3.3.3",
          "formatly": "^0.3.0",
          "jiti": "^2.6.0",
          "js-yaml": "^4.1.0",
          "minimist": "^1.2.8",
          "oxc-resolver": "^11.8.3",
          "picocolors": "^1.1.1",
          "picomatch": "^4.0.1",
          "smol-toml": "^1.4.1",
          "strip-json-comments": "5.0.2",
          "zod": "^4.1.11",
        },
        "peerDependencies": {
          "@types/node": ">=18",
          "typescript": ">=5.0.4 <7",
        },
        "bin": { "knip": "bin/knip.js", "knip-bun": "bin/knip-bun.js" },
      },
      "sha512-gyIN+ZqZjyxdsocvkZx2HMy7D9+5WAgFrTM69sGg1QZ8wZuabtanhAP8ZnroctU26sQ5bO2RSPvjnOn0pRNuKw==",
    ],

    "merge2": [
      "merge2@1.4.1",
      "",
      {},
      "sha512-8q7VEgMJW4J8tcfVPy8g09NcQwZdbwFEqhe/WZkoIzjn/3TGDwtOCYtXGxA3O8tPzpczCCDgv+P2P5y00ZJOOg==",
    ],

    "micromatch": [
      "micromatch@4.0.8",
      "",
      { "dependencies": { "braces": "^3.0.3", "picomatch": "^2.3.1" } },
      "sha512-PXwfBhYu0hBCPw8Dn0E+WDYb7af3dSLVWKi3HGv84IdF4TyFoC0ysxFd0Goxw7nSv4T/PzEJQxsYsEiFCKo2BA==",
    ],

    "minimist": [
      "minimist@1.2.8",
      "",
      {},
      "sha512-2yyAR8qBkN3YuheJanUpWC5U3bb5osDywNB8RzDVlDwDHbocAJveqqj1u8+SVD7jkWT4yvsHCpWqqWqAxb0zCA==",
    ],

    "oxc-resolver": [
      "oxc-resolver@11.9.0",
      "",
      {
        "optionalDependencies": {
          "@oxc-resolver/binding-android-arm-eabi": "11.9.0",
          "@oxc-resolver/binding-android-arm64": "11.9.0",
          "@oxc-resolver/binding-darwin-arm64": "11.9.0",
          "@oxc-resolver/binding-darwin-x64": "11.9.0",
          "@oxc-resolver/binding-freebsd-x64": "11.9.0",
          "@oxc-resolver/binding-linux-arm-gnueabihf": "11.9.0",
          "@oxc-resolver/binding-linux-arm-musleabihf": "11.9.0",
          "@oxc-resolver/binding-linux-arm64-gnu": "11.9.0",
          "@oxc-resolver/binding-linux-arm64-musl": "11.9.0",
          "@oxc-resolver/binding-linux-ppc64-gnu": "11.9.0",
          "@oxc-resolver/binding-linux-riscv64-gnu": "11.9.0",
          "@oxc-resolver/binding-linux-riscv64-musl": "11.9.0",
          "@oxc-resolver/binding-linux-s390x-gnu": "11.9.0",
          "@oxc-resolver/binding-linux-x64-gnu": "11.9.0",
          "@oxc-resolver/binding-linux-x64-musl": "11.9.0",
          "@oxc-resolver/binding-wasm32-wasi": "11.9.0",
          "@oxc-resolver/binding-win32-arm64-msvc": "11.9.0",
          "@oxc-resolver/binding-win32-ia32-msvc": "11.9.0",
          "@oxc-resolver/binding-win32-x64-msvc": "11.9.0",
        },
      },
      "sha512-u714L0DBBXpD0ERErCQlun2XwinuBfIGo2T8bA7xE8WLQ4uaJudO/VOEQCWslOmcDY2nEkS+UVir5PpyvSG23w==",
    ],

    "picocolors": [
      "picocolors@1.1.1",
      "",
      {},
      "sha512-xceH2snhtb5M9liqDsmEw56le376mTZkEX/jEb/RxNFyegNul7eNslCXP9FDj/Lcu0X8KEyMceP2ntpaHrDEVA==",
    ],

    "picomatch": [
      "picomatch@4.0.3",
      "",
      {},
      "sha512-5gTmgEY/sqK6gFXLIsQNH19lWb4ebPDLA4SdLP7dsWkIXHWlG66oPuVvXSGFPppYZz8ZDZq0dYYrbHfBCVUb1Q==",
    ],

    "prettier": [
      "prettier@3.6.2",
      "",
      { "bin": { "prettier": "bin/prettier.cjs" } },
      "sha512-I7AIg5boAr5R0FFtJ6rCfD+LFsWHp81dolrFD8S79U9tb8Az2nGrJncnMSnys+bpQJfRUzqs9hnA81OAA3hCuQ==",
    ],

    "queue-microtask": [
      "queue-microtask@1.2.3",
      "",
      {},
      "sha512-NuaNSa6flKT5JaSYQzJok04JzTL1CA6aGhv5rfLW3PgqA+M2ChpZQnAC8h8i4ZFkBS8X5RqkDBHA7r4hej3K9A==",
    ],

    "reusify": [
      "reusify@1.1.0",
      "",
      {},
      "sha512-g6QUff04oZpHs0eG5p83rFLhHeV00ug/Yf9nZM6fLeUrPguBTkTQOdpAWWspMh55TZfVQDPaN3NQJfbVRAxdIw==",
    ],

    "run-parallel": [
      "run-parallel@1.2.0",
      "",
      { "dependencies": { "queue-microtask": "^1.2.2" } },
      "sha512-5l4VyZR86LZ/lDxZTR6jqL8AFE2S0IFLMP26AbjsLVADxHdhB/c0GUsH+y39UfCi3dzz8OlQuPmnaJOMoDHQBA==",
    ],

    "smol-toml": [
      "smol-toml@1.4.2",
      "",
      {},
      "sha512-rInDH6lCNiEyn3+hH8KVGFdbjc099j47+OSgbMrfDYX1CmXLfdKd7qi6IfcWj2wFxvSVkuI46M+wPGYfEOEj6g==",
    ],

    "string-width": [
      "string-width@7.2.0",
      "",
      {
        "dependencies": {
          "emoji-regex": "^10.3.0",
          "get-east-asian-width": "^1.0.0",
          "strip-ansi": "^7.1.0",
        },
      },
      "sha512-tsaTIkKW9b4N+AEj+SVA+WhJzV7/zMhcSu78mLKWSk7cXMOSHsBKFWUs0fWwq8QyK3MgJBQRX6Gbi4kYbdvGkQ==",
    ],

    "strip-ansi": [
      "strip-ansi@7.1.2",
      "",
      { "dependencies": { "ansi-regex": "^6.0.1" } },
      "sha512-gmBGslpoQJtgnMAvOVqGZpEz9dyoKTCzy2nfz/n8aIFhN/jCE/rCmcxabB6jOOHV+0WNnylOxaxBQPSvcWklhA==",
    ],

    "strip-json-comments": [
      "strip-json-comments@5.0.2",
      "",
      {},
      "sha512-4X2FR3UwhNUE9G49aIsJW5hRRR3GXGTBTZRMfv568O60ojM8HcWjV/VxAxCDW3SUND33O6ZY66ZuRcdkj73q2g==",
    ],

    "to-regex-range": [
      "to-regex-range@5.0.1",
      "",
      { "dependencies": { "is-number": "^7.0.0" } },
      "sha512-65P7iz6X5yEr1cwcgvQxbbIw7Uk3gOy5dIdtZ4rDveLqhrdJP+Li/Hx6tyK0NEb+2GCyneCMJiGqrADCSNk8sQ==",
    ],

    "tr46": [
      "tr46@0.0.3",
      "",
      {},
      "sha512-N3WMsuqV66lT30CrXNbEjx4GEwlow3v6rr4mCcv6prnfwhS01rkgyFdjPNBYd9br7LpXV1+Emh01fHnq2Gdgrw==",
    ],

    "tslib": [
      "tslib@2.8.1",
      "",
      {},
      "sha512-oJFu94HQb+KVduSUQL7wnpmqnfmLsOA/nAh6b6EH0wCEoK0/mPeXU6c3wKDV83MkOuHPRHtSXKKU99IBazS/2w==",
    ],

    "typescript": [
      "typescript@5.9.3",
      "",
      { "bin": { "tsc": "bin/tsc", "tsserver": "bin/tsserver" } },
      "sha512-jl1vZzPDinLr9eUt3J/t7V6FgNEw9QjvBPdysz9KfQDD41fQrC2Y4vKQdiaUpFT4bXlb1RHhLpp8wtm6M5TgSw==",
    ],

    "undici-types": [
      "undici-types@7.14.0",
      "",
      {},
      "sha512-QQiYxHuyZ9gQUIrmPo3IA+hUl4KYk8uSA7cHrcKd/l3p1OTpZcM0Tbp9x7FAtXdAYhlasd60ncPpgu6ihG6TOA==",
    ],

    "walk-up-path": [
      "walk-up-path@4.0.0",
      "",
      {},
      "sha512-3hu+tD8YzSLGuFYtPRb48vdhKMi0KQV5sn+uWr8+7dMEq/2G/dtLrdDinkLjqq5TIbIBjYJ4Ax/n3YiaW7QM8A==",
    ],

    "webidl-conversions": [
      "webidl-conversions@3.0.1",
      "",
      {},
      "sha512-2JAn3z8AR6rjK8Sm8orRC0h/bcl/DqL7tRPdGZ4I1CjdF+EaMLmYxBHyXuKL849eucPFhvBoxMsflfOb8kxaeQ==",
    ],

    "whatwg-url": [
      "whatwg-url@5.0.0",
      "",
      { "dependencies": { "tr46": "~0.0.3", "webidl-conversions": "^3.0.0" } },
      "sha512-saE57nupxk6v3HY35+jzBwYa0rKSy0XR8JSxZPwgLr7ys0IBzhGviA1/TUGJLmSVqs8pb9AnvICXEuOHLprYTw==",
    ],

    "wrap-ansi": [
      "wrap-ansi@9.0.2",
      "",
      {
        "dependencies": {
          "ansi-styles": "^6.2.1",
          "string-width": "^7.0.0",
          "strip-ansi": "^7.1.0",
        },
      },
      "sha512-42AtmgqjV+X1VpdOfyTGOYRi0/zsoLqtXQckTmqTeybT+BDIbM/Guxo7x3pE2vtpr1ok6xRqM9OpBe+Jyoqyww==",
    ],

    "ws": [
      "ws@8.18.3",
      "",
      {
        "peerDependencies": {
          "bufferutil": "^4.0.1",
          "utf-8-validate": ">=5.0.2",
        },
        "optionalPeers": ["bufferutil", "utf-8-validate"],
      },
      "sha512-PEIGCY5tSlUt50cqyMXfCzX+oOPqN0vuGqWzbcJ2xvnkzkq46oOpz7dQaTDBdfICb4N14+GARUDw2XV2N4tvzg==",
    ],

    "y18n": [
      "y18n@5.0.8",
      "",
      {},
      "sha512-0pfFzegeDWJHJIAmTLRP2DwHjdF5s7jo9tuztdQxAhINCdvS+3nGINqPd00AphqJR/0LhANUS6/+7SCb98YOfA==",
    ],

    "yargs": [
      "yargs@18.0.0",
      "",
      {
        "dependencies": {
          "cliui": "^9.0.1",
          "escalade": "^3.1.1",
          "get-caller-file": "^2.0.5",
          "string-width": "^7.2.0",
          "y18n": "^5.0.5",
          "yargs-parser": "^22.0.0",
        },
      },
      "sha512-4UEqdc2RYGHZc7Doyqkrqiln3p9X2DZVxaGbwhn2pi7MrRagKaOcIKe8L3OxYcbhXLgLFUS3zAYuQjKBQgmuNg==",
    ],

    "yargs-parser": [
      "yargs-parser@22.0.0",
      "",
      {},
      "sha512-rwu/ClNdSMpkSrUb+d6BRsSkLUq1fmfsY6TOpYzTwvwkg1/NRG85KBy3kq++A8LKQwX6lsu+aWad+2khvuXrqw==",
    ],

    "zod": [
      "zod@4.1.12",
      "",
      {},
      "sha512-JInaHOamG8pt5+Ey8kGmdcAcg3OL9reK8ltczgHTAwNhMys/6ThXHityHxVV2p3fkw/c+MAvBHFVYHFZDmjMCQ==",
    ],

    "micromatch/picomatch": [
      "picomatch@2.3.1",
      "",
      {},
      "sha512-JU3teHTNjmE2VCGFzuY8EXzCDVwEqB2a8fsIvwaStHhAWJEeVd1o1QD80CU6+ZdEXXSLbSsuLwJjkCBWqRQUVA==",
    ],
  },
}
